
Microsoft Visual Studio Solution File, Format Version 12.00
# Visual Studio Version 16
VisualStudioVersion = 16.0.31313.79
MinimumVisualStudioVersion = 10.0.40219.1
Project("{FAE04EC0-301F-11D3-BF4B-00C04F79EFBC}") = "administrador", "administrador\administrador.csproj", "{4DFED677-BF5C-40DD-AB53-E02DCD756779}"
EndProject
Global
	GlobalSection(SolutionConfigurationPlatforms) = preSolution
		Debug|Any CPU = Debug|Any CPU
		Release|Any CPU = Release|Any CPU
	EndGlobalSection
	GlobalSection(ProjectConfigurationPlatforms) = postSolution
		{4DFED677-BF5C-40DD-AB53-E02DCD756779}.Debug|Any CPU.ActiveCfg = Debug|Any CPU
		{4DFED677-BF5C-40DD-AB53-E02DCD756779}.Debug|Any CPU.Build.0 = Debug|Any CPU
		{4DFED677-BF5C-40DD-AB53-E02DCD756779}.Release|Any CPU.ActiveCfg = Release|Any CPU
		{4DFED677-BF5C-40DD-AB53-E02DCD756779}.Release|Any CPU.Build.0 = Release|Any CPU
	EndGlobalSection
	GlobalSection(SolutionProperties) = preSolution
		HideSolutionNode = FALSE
	EndGlobalSection
	GlobalSection(ExtensibilityGlobals) = postSolution
		SolutionGuid = {B4C35DCD-8304-4E79-AD0F-3B632FE517DF}
	EndGlobalSection
EndGlobal
